// !$*UTF8*$!
{
	archiveVersion = 1;
	classes = {
	};
	objectVersion = 46;
	objects = {

/* Begin PBXBuildFile section */
		AA4D52211F3285C900BD682B /* Embassy.podspec in Resources */ = {isa = PBXBuildFile; fileRef = AA4D52201F3285C900BD682B /* Embassy.podspec */; };
		AA6732641DE92431003ABD4E /* HTTPHeaderParserTests.swift in Sources */ = {isa = PBXBuildFile; fileRef = D856140F1CEE72A10060CCB7 /* HTTPHeaderParserTests.swift */; };
		AA6732651DE92431003ABD4E /* TCPSocketTests.swift in Sources */ = {isa = PBXBuildFile; fileRef = D8F3D38E1CEFA09B00342389 /* TCPSocketTests.swift */; };
		AA6732661DE92431003ABD4E /* KqueueSelectorTests.swift in Sources */ = {isa = PBXBuildFile; fileRef = D8F3D3941CF0223600342389 /* KqueueSelectorTests.swift */; };
		AA6732671DE92431003ABD4E /* SelectorEventLoopTests.swift in Sources */ = {isa = PBXBuildFile; fileRef = D83A71991CF11AF600C0C21C /* SelectorEventLoopTests.swift */; };
		AA6732681DE92431003ABD4E /* TransportTests.swift in Sources */ = {isa = PBXBuildFile; fileRef = D83A719D1CF1275A00C0C21C /* TransportTests.swift */; };
		AA6732691DE92431003ABD4E /* MultiDictionaryTests.swift in Sources */ = {isa = PBXBuildFile; fileRef = D8B5F2351CF387E40093EF94 /* MultiDictionaryTests.swift */; };
		AA67326A1DE92431003ABD4E /* HTTPServerTests.swift in Sources */ = {isa = PBXBuildFile; fileRef = D83A71A31CF15BCA00C0C21C /* HTTPServerTests.swift */; };
		AA67326B1DE92431003ABD4E /* HeapSortTetsts.swift in Sources */ = {isa = PBXBuildFile; fileRef = D898DC8F1CF66CBD0027E17E /* HeapSortTetsts.swift */; };
		AA67326C1DE92533003ABD4E /* SWSGI.swift in Sources */ = {isa = PBXBuildFile; fileRef = D85614051CEE6C0C0060CCB7 /* SWSGI.swift */; };
		AA67326D1DE92533003ABD4E /* SWSGIUtils.swift in Sources */ = {isa = PBXBuildFile; fileRef = D8B5F2371CF38C170093EF94 /* SWSGIUtils.swift */; };
		AA67326E1DE92533003ABD4E /* MultiDictionary.swift in Sources */ = {isa = PBXBuildFile; fileRef = D8FBA9531CFF69C300743A54 /* MultiDictionary.swift */; };
		AA67326F1DE92533003ABD4E /* HeapSort.swift in Sources */ = {isa = PBXBuildFile; fileRef = D898DC8D1CF665010027E17E /* HeapSort.swift */; };
		AA6732701DE92533003ABD4E /* Errors.swift in Sources */ = {isa = PBXBuildFile; fileRef = D8F3D3981CF0F24500342389 /* Errors.swift */; };
		AA6732711DE92533003ABD4E /* Atomic.swift in Sources */ = {isa = PBXBuildFile; fileRef = D898DC841CF62E1B0027E17E /* Atomic.swift */; };
		AA6732721DE92538003ABD4E /* Logger.swift in Sources */ = {isa = PBXBuildFile; fileRef = D86687531D00C07F00FA53F2 /* Logger.swift */; };
		AA6732731DE92538003ABD4E /* LogFormatter.swift in Sources */ = {isa = PBXBuildFile; fileRef = D86687601D00D7E100FA53F2 /* LogFormatter.swift */; };
		AA6732741DE92538003ABD4E /* LogHandler.swift in Sources */ = {isa = PBXBuildFile; fileRef = D86687511D00BC1100FA53F2 /* LogHandler.swift */; };
		AA6732751DE92538003ABD4E /* DefaultLogger.swift in Sources */ = {isa = PBXBuildFile; fileRef = D83A71A51CF1788B00C0C21C /* DefaultLogger.swift */; };
		AA6732761DE92538003ABD4E /* DefaultLogFormatter.swift in Sources */ = {isa = PBXBuildFile; fileRef = D86687621D00D85B00FA53F2 /* DefaultLogFormatter.swift */; };
		AA6732771DE92538003ABD4E /* TransformLogHandler.swift in Sources */ = {isa = PBXBuildFile; fileRef = D86687551D00C20C00FA53F2 /* TransformLogHandler.swift */; };
		AA6732781DE92538003ABD4E /* PropagateLogHandler.swift in Sources */ = {isa = PBXBuildFile; fileRef = D86687581D00C47D00FA53F2 /* PropagateLogHandler.swift */; };
		AA6732791DE92538003ABD4E /* PrintLogHandler.swift in Sources */ = {isa = PBXBuildFile; fileRef = D866875A1D00C70400FA53F2 /* PrintLogHandler.swift */; };
		AA67327A1DE92538003ABD4E /* FileLogHandler.swift in Sources */ = {isa = PBXBuildFile; fileRef = D866875E1D00D73F00FA53F2 /* FileLogHandler.swift */; };
		AA67327B1DE9253D003ABD4E /* HTTPServer.swift in Sources */ = {isa = PBXBuildFile; fileRef = D85614071CEE6DB20060CCB7 /* HTTPServer.swift */; };
		AA67327C1DE9253D003ABD4E /* DefaultHTTPServer.swift in Sources */ = {isa = PBXBuildFile; fileRef = D856140B1CEE6FE60060CCB7 /* DefaultHTTPServer.swift */; };
		AA67327D1DE9253D003ABD4E /* HTTPConnection.swift in Sources */ = {isa = PBXBuildFile; fileRef = D83A71A11CF1542300C0C21C /* HTTPConnection.swift */; };
		AA67327E1DE9253D003ABD4E /* HTTPRequest.swift in Sources */ = {isa = PBXBuildFile; fileRef = D83A719F1CF152F300C0C21C /* HTTPRequest.swift */; };
		AA67327F1DE9253D003ABD4E /* HTTPHeaderParser.swift in Sources */ = {isa = PBXBuildFile; fileRef = D856140D1CEE70D70060CCB7 /* HTTPHeaderParser.swift */; };
		AA6732801DE92542003ABD4E /* Selector.swift in Sources */ = {isa = PBXBuildFile; fileRef = D8F3D38C1CEF9B9700342389 /* Selector.swift */; };
		AA6732811DE92542003ABD4E /* KqueueSelector.swift in Sources */ = {isa = PBXBuildFile; fileRef = D8F3D3921CEFD79100342389 /* KqueueSelector.swift */; };
		AA6732821DE92542003ABD4E /* EventLoop.swift in Sources */ = {isa = PBXBuildFile; fileRef = D8B5F2391CF3C91E0093EF94 /* EventLoop.swift */; };
		AA6732831DE92542003ABD4E /* SelectorEventLoop.swift in Sources */ = {isa = PBXBuildFile; fileRef = D8F3D3961CF03DF500342389 /* SelectorEventLoop.swift */; };
		AA6732841DE92542003ABD4E /* Transport.swift in Sources */ = {isa = PBXBuildFile; fileRef = D83A719B1CF1230E00C0C21C /* Transport.swift */; };
		AA6732851DE92542003ABD4E /* TCPSocket.swift in Sources */ = {isa = PBXBuildFile; fileRef = D8F3D38A1CEF8AC800342389 /* TCPSocket.swift */; };
		AA6732861DE92542003ABD4E /* IOUtils.swift in Sources */ = {isa = PBXBuildFile; fileRef = D83A71951CF119D200C0C21C /* IOUtils.swift */; };
		AA6732871DE9257A003ABD4E /* TestingHelpers.swift in Sources */ = {isa = PBXBuildFile; fileRef = D8F3D3901CEFB1AA00342389 /* TestingHelpers.swift */; };
		AA9242D71DE91EA2009FE50B /* Embassy.framework in Frameworks */ = {isa = PBXBuildFile; fileRef = AA9242CE1DE91EA2009FE50B /* Embassy.framework */; };
		D83A71961CF119D200C0C21C /* IOUtils.swift in Sources */ = {isa = PBXBuildFile; fileRef = D83A71951CF119D200C0C21C /* IOUtils.swift */; };
		D83A719A1CF11AF600C0C21C /* SelectorEventLoopTests.swift in Sources */ = {isa = PBXBuildFile; fileRef = D83A71991CF11AF600C0C21C /* SelectorEventLoopTests.swift */; };
		D83A719C1CF1230E00C0C21C /* Transport.swift in Sources */ = {isa = PBXBuildFile; fileRef = D83A719B1CF1230E00C0C21C /* Transport.swift */; };
		D83A719E1CF1275A00C0C21C /* TransportTests.swift in Sources */ = {isa = PBXBuildFile; fileRef = D83A719D1CF1275A00C0C21C /* TransportTests.swift */; };
		D83A71A01CF152F300C0C21C /* HTTPRequest.swift in Sources */ = {isa = PBXBuildFile; fileRef = D83A719F1CF152F300C0C21C /* HTTPRequest.swift */; };
		D83A71A21CF1542300C0C21C /* HTTPConnection.swift in Sources */ = {isa = PBXBuildFile; fileRef = D83A71A11CF1542300C0C21C /* HTTPConnection.swift */; };
		D83A71A41CF15BCA00C0C21C /* HTTPServerTests.swift in Sources */ = {isa = PBXBuildFile; fileRef = D83A71A31CF15BCA00C0C21C /* HTTPServerTests.swift */; };
		D83A71A61CF1788B00C0C21C /* DefaultLogger.swift in Sources */ = {isa = PBXBuildFile; fileRef = D83A71A51CF1788B00C0C21C /* DefaultLogger.swift */; };
		D851BD421E29A5CA00537B6A /* SelectSelectorTests.swift in Sources */ = {isa = PBXBuildFile; fileRef = D851BD411E29A5CA00537B6A /* SelectSelectorTests.swift */; };
		D851BD431E29A5CA00537B6A /* SelectSelectorTests.swift in Sources */ = {isa = PBXBuildFile; fileRef = D851BD411E29A5CA00537B6A /* SelectSelectorTests.swift */; };
		D851BD451E2AD9E100537B6A /* SystemLibrary.swift in Sources */ = {isa = PBXBuildFile; fileRef = D851BD441E2AD9E100537B6A /* SystemLibrary.swift */; };
		D851BD461E2AD9E300537B6A /* SystemLibrary.swift in Sources */ = {isa = PBXBuildFile; fileRef = D851BD441E2AD9E100537B6A /* SystemLibrary.swift */; };
		D85613F41CEE6B160060CCB7 /* Embassy.framework in Frameworks */ = {isa = PBXBuildFile; fileRef = D85613E91CEE6B160060CCB7 /* Embassy.framework */; };
		D85614061CEE6C0C0060CCB7 /* SWSGI.swift in Sources */ = {isa = PBXBuildFile; fileRef = D85614051CEE6C0C0060CCB7 /* SWSGI.swift */; };
		D85614081CEE6DB20060CCB7 /* HTTPServer.swift in Sources */ = {isa = PBXBuildFile; fileRef = D85614071CEE6DB20060CCB7 /* HTTPServer.swift */; };
		D856140C1CEE6FE60060CCB7 /* DefaultHTTPServer.swift in Sources */ = {isa = PBXBuildFile; fileRef = D856140B1CEE6FE60060CCB7 /* DefaultHTTPServer.swift */; };
		D856140E1CEE70D70060CCB7 /* HTTPHeaderParser.swift in Sources */ = {isa = PBXBuildFile; fileRef = D856140D1CEE70D70060CCB7 /* HTTPHeaderParser.swift */; };
		D85614101CEE72A10060CCB7 /* HTTPHeaderParserTests.swift in Sources */ = {isa = PBXBuildFile; fileRef = D856140F1CEE72A10060CCB7 /* HTTPHeaderParserTests.swift */; };
		D86687521D00BC1100FA53F2 /* LogHandler.swift in Sources */ = {isa = PBXBuildFile; fileRef = D86687511D00BC1100FA53F2 /* LogHandler.swift */; };
		D86687541D00C07F00FA53F2 /* Logger.swift in Sources */ = {isa = PBXBuildFile; fileRef = D86687531D00C07F00FA53F2 /* Logger.swift */; };
		D86687561D00C20C00FA53F2 /* TransformLogHandler.swift in Sources */ = {isa = PBXBuildFile; fileRef = D86687551D00C20C00FA53F2 /* TransformLogHandler.swift */; };
		D86687591D00C47D00FA53F2 /* PropagateLogHandler.swift in Sources */ = {isa = PBXBuildFile; fileRef = D86687581D00C47D00FA53F2 /* PropagateLogHandler.swift */; };
		D866875B1D00C70400FA53F2 /* PrintLogHandler.swift in Sources */ = {isa = PBXBuildFile; fileRef = D866875A1D00C70400FA53F2 /* PrintLogHandler.swift */; };
		D866875F1D00D73F00FA53F2 /* FileLogHandler.swift in Sources */ = {isa = PBXBuildFile; fileRef = D866875E1D00D73F00FA53F2 /* FileLogHandler.swift */; };
		D86687611D00D7E100FA53F2 /* LogFormatter.swift in Sources */ = {isa = PBXBuildFile; fileRef = D86687601D00D7E100FA53F2 /* LogFormatter.swift */; };
		D86687631D00D85B00FA53F2 /* DefaultLogFormatter.swift in Sources */ = {isa = PBXBuildFile; fileRef = D86687621D00D85B00FA53F2 /* DefaultLogFormatter.swift */; };
		D87260651E0C6D05008572ED /* Info.plist in Resources */ = {isa = PBXBuildFile; fileRef = D87260641E0C6D05008572ED /* Info.plist */; };
		D898DC851CF62E1B0027E17E /* Atomic.swift in Sources */ = {isa = PBXBuildFile; fileRef = D898DC841CF62E1B0027E17E /* Atomic.swift */; };
		D898DC8E1CF665010027E17E /* HeapSort.swift in Sources */ = {isa = PBXBuildFile; fileRef = D898DC8D1CF665010027E17E /* HeapSort.swift */; };
		D898DC901CF66CBD0027E17E /* HeapSortTetsts.swift in Sources */ = {isa = PBXBuildFile; fileRef = D898DC8F1CF66CBD0027E17E /* HeapSortTetsts.swift */; };
		D8AF23D21E207CC40097D951 /* SelectSelector.swift in Sources */ = {isa = PBXBuildFile; fileRef = D8AF23D11E207CC40097D951 /* SelectSelector.swift */; };
		D8AF23D31E207CC40097D951 /* SelectSelector.swift in Sources */ = {isa = PBXBuildFile; fileRef = D8AF23D11E207CC40097D951 /* SelectSelector.swift */; };
		D8B5F2361CF387E40093EF94 /* MultiDictionaryTests.swift in Sources */ = {isa = PBXBuildFile; fileRef = D8B5F2351CF387E40093EF94 /* MultiDictionaryTests.swift */; };
		D8B5F2381CF38C170093EF94 /* SWSGIUtils.swift in Sources */ = {isa = PBXBuildFile; fileRef = D8B5F2371CF38C170093EF94 /* SWSGIUtils.swift */; };
		D8B5F23A1CF3C91E0093EF94 /* EventLoop.swift in Sources */ = {isa = PBXBuildFile; fileRef = D8B5F2391CF3C91E0093EF94 /* EventLoop.swift */; };
		D8F3D38B1CEF8AC800342389 /* TCPSocket.swift in Sources */ = {isa = PBXBuildFile; fileRef = D8F3D38A1CEF8AC800342389 /* TCPSocket.swift */; };
		D8F3D38D1CEF9B9700342389 /* Selector.swift in Sources */ = {isa = PBXBuildFile; fileRef = D8F3D38C1CEF9B9700342389 /* Selector.swift */; };
		D8F3D38F1CEFA09B00342389 /* TCPSocketTests.swift in Sources */ = {isa = PBXBuildFile; fileRef = D8F3D38E1CEFA09B00342389 /* TCPSocketTests.swift */; };
		D8F3D3911CEFB1AA00342389 /* TestingHelpers.swift in Sources */ = {isa = PBXBuildFile; fileRef = D8F3D3901CEFB1AA00342389 /* TestingHelpers.swift */; };
		D8F3D3931CEFD79100342389 /* KqueueSelector.swift in Sources */ = {isa = PBXBuildFile; fileRef = D8F3D3921CEFD79100342389 /* KqueueSelector.swift */; };
		D8F3D3951CF0223600342389 /* KqueueSelectorTests.swift in Sources */ = {isa = PBXBuildFile; fileRef = D8F3D3941CF0223600342389 /* KqueueSelectorTests.swift */; };
		D8F3D3971CF03DF500342389 /* SelectorEventLoop.swift in Sources */ = {isa = PBXBuildFile; fileRef = D8F3D3961CF03DF500342389 /* SelectorEventLoop.swift */; };
		D8F3D3991CF0F24500342389 /* Errors.swift in Sources */ = {isa = PBXBuildFile; fileRef = D8F3D3981CF0F24500342389 /* Errors.swift */; };
		D8FBA9541CFF69C300743A54 /* MultiDictionary.swift in Sources */ = {isa = PBXBuildFile; fileRef = D8FBA9531CFF69C300743A54 /* MultiDictionary.swift */; };
/* End PBXBuildFile section */

/* Begin PBXContainerItemProxy section */
		AA9242D81DE91EA2009FE50B /* PBXContainerItemProxy */ = {
			isa = PBXContainerItemProxy;
			containerPortal = D85613E01CEE6B160060CCB7 /* Project object */;
			proxyType = 1;
			remoteGlobalIDString = AA9242CD1DE91EA2009FE50B;
			remoteInfo = "Embassy-macOS";
		};
		D85613F51CEE6B160060CCB7 /* PBXContainerItemProxy */ = {
			isa = PBXContainerItemProxy;
			containerPortal = D85613E01CEE6B160060CCB7 /* Project object */;
			proxyType = 1;
			remoteGlobalIDString = D85613E81CEE6B160060CCB7;
			remoteInfo = Embassy;
		};
/* End PBXContainerItemProxy section */

/* Begin PBXFileReference section */
		AA4D521F1F32848A00BD682B /* .swift-version */ = {isa = PBXFileReference; lastKnownFileType = text; path = ".swift-version"; sourceTree = "<group>"; };
		AA4D52201F3285C900BD682B /* Embassy.podspec */ = {isa = PBXFileReference; fileEncoding = 4; lastKnownFileType = text; path = Embassy.podspec; sourceTree = "<group>"; };
		AA9242CE1DE91EA2009FE50B /* Embassy.framework */ = {isa = PBXFileReference; explicitFileType = wrapper.framework; includeInIndex = 0; path = Embassy.framework; sourceTree = BUILT_PRODUCTS_DIR; };
		AA9242D61DE91EA2009FE50B /* Embassy-macOSTests.xctest */ = {isa = PBXFileReference; explicitFileType = wrapper.cfbundle; includeInIndex = 0; path = "Embassy-macOSTests.xctest"; sourceTree = BUILT_PRODUCTS_DIR; };
		D83A71951CF119D200C0C21C /* IOUtils.swift */ = {isa = PBXFileReference; fileEncoding = 4; lastKnownFileType = sourcecode.swift; path = IOUtils.swift; sourceTree = "<group>"; };
		D83A71991CF11AF600C0C21C /* SelectorEventLoopTests.swift */ = {isa = PBXFileReference; fileEncoding = 4; lastKnownFileType = sourcecode.swift; path = SelectorEventLoopTests.swift; sourceTree = "<group>"; };
		D83A719B1CF1230E00C0C21C /* Transport.swift */ = {isa = PBXFileReference; fileEncoding = 4; lastKnownFileType = sourcecode.swift; path = Transport.swift; sourceTree = "<group>"; };
		D83A719D1CF1275A00C0C21C /* TransportTests.swift */ = {isa = PBXFileReference; fileEncoding = 4; lastKnownFileType = sourcecode.swift; path = TransportTests.swift; sourceTree = "<group>"; };
		D83A719F1CF152F300C0C21C /* HTTPRequest.swift */ = {isa = PBXFileReference; fileEncoding = 4; lastKnownFileType = sourcecode.swift; path = HTTPRequest.swift; sourceTree = "<group>"; };
		D83A71A11CF1542300C0C21C /* HTTPConnection.swift */ = {isa = PBXFileReference; fileEncoding = 4; lastKnownFileType = sourcecode.swift; path = HTTPConnection.swift; sourceTree = "<group>"; };
		D83A71A31CF15BCA00C0C21C /* HTTPServerTests.swift */ = {isa = PBXFileReference; fileEncoding = 4; lastKnownFileType = sourcecode.swift; path = HTTPServerTests.swift; sourceTree = "<group>"; };
		D83A71A51CF1788B00C0C21C /* DefaultLogger.swift */ = {isa = PBXFileReference; fileEncoding = 4; lastKnownFileType = sourcecode.swift; path = DefaultLogger.swift; sourceTree = "<group>"; };
		D851BD411E29A5CA00537B6A /* SelectSelectorTests.swift */ = {isa = PBXFileReference; fileEncoding = 4; lastKnownFileType = sourcecode.swift; path = SelectSelectorTests.swift; sourceTree = "<group>"; };
		D851BD441E2AD9E100537B6A /* SystemLibrary.swift */ = {isa = PBXFileReference; fileEncoding = 4; lastKnownFileType = sourcecode.swift; path = SystemLibrary.swift; sourceTree = "<group>"; };
		D85613E91CEE6B160060CCB7 /* Embassy.framework */ = {isa = PBXFileReference; explicitFileType = wrapper.framework; includeInIndex = 0; path = Embassy.framework; sourceTree = BUILT_PRODUCTS_DIR; };
		D85613F31CEE6B160060CCB7 /* Embassy-iOSTests.xctest */ = {isa = PBXFileReference; explicitFileType = wrapper.cfbundle; includeInIndex = 0; path = "Embassy-iOSTests.xctest"; sourceTree = BUILT_PRODUCTS_DIR; };
		D85614051CEE6C0C0060CCB7 /* SWSGI.swift */ = {isa = PBXFileReference; fileEncoding = 4; lastKnownFileType = sourcecode.swift; path = SWSGI.swift; sourceTree = "<group>"; };
		D85614071CEE6DB20060CCB7 /* HTTPServer.swift */ = {isa = PBXFileReference; fileEncoding = 4; lastKnownFileType = sourcecode.swift; path = HTTPServer.swift; sourceTree = "<group>"; };
		D856140B1CEE6FE60060CCB7 /* DefaultHTTPServer.swift */ = {isa = PBXFileReference; fileEncoding = 4; lastKnownFileType = sourcecode.swift; path = DefaultHTTPServer.swift; sourceTree = "<group>"; };
		D856140D1CEE70D70060CCB7 /* HTTPHeaderParser.swift */ = {isa = PBXFileReference; fileEncoding = 4; lastKnownFileType = sourcecode.swift; path = HTTPHeaderParser.swift; sourceTree = "<group>"; };
		D856140F1CEE72A10060CCB7 /* HTTPHeaderParserTests.swift */ = {isa = PBXFileReference; fileEncoding = 4; lastKnownFileType = sourcecode.swift; path = HTTPHeaderParserTests.swift; sourceTree = "<group>"; };
		D86687511D00BC1100FA53F2 /* LogHandler.swift */ = {isa = PBXFileReference; fileEncoding = 4; lastKnownFileType = sourcecode.swift; path = LogHandler.swift; sourceTree = "<group>"; };
		D86687531D00C07F00FA53F2 /* Logger.swift */ = {isa = PBXFileReference; fileEncoding = 4; lastKnownFileType = sourcecode.swift; path = Logger.swift; sourceTree = "<group>"; };
		D86687551D00C20C00FA53F2 /* TransformLogHandler.swift */ = {isa = PBXFileReference; fileEncoding = 4; lastKnownFileType = sourcecode.swift; path = TransformLogHandler.swift; sourceTree = "<group>"; };
		D86687581D00C47D00FA53F2 /* PropagateLogHandler.swift */ = {isa = PBXFileReference; fileEncoding = 4; lastKnownFileType = sourcecode.swift; path = PropagateLogHandler.swift; sourceTree = "<group>"; };
		D866875A1D00C70400FA53F2 /* PrintLogHandler.swift */ = {isa = PBXFileReference; fileEncoding = 4; lastKnownFileType = sourcecode.swift; path = PrintLogHandler.swift; sourceTree = "<group>"; };
		D866875E1D00D73F00FA53F2 /* FileLogHandler.swift */ = {isa = PBXFileReference; fileEncoding = 4; lastKnownFileType = sourcecode.swift; path = FileLogHandler.swift; sourceTree = "<group>"; };
		D86687601D00D7E100FA53F2 /* LogFormatter.swift */ = {isa = PBXFileReference; fileEncoding = 4; lastKnownFileType = sourcecode.swift; path = LogFormatter.swift; sourceTree = "<group>"; };
		D86687621D00D85B00FA53F2 /* DefaultLogFormatter.swift */ = {isa = PBXFileReference; fileEncoding = 4; lastKnownFileType = sourcecode.swift; path = DefaultLogFormatter.swift; sourceTree = "<group>"; };
		D87260621E0C6CFD008572ED /* Info.plist */ = {isa = PBXFileReference; fileEncoding = 4; lastKnownFileType = text.plist.xml; path = Info.plist; sourceTree = "<group>"; };
		D87260641E0C6D05008572ED /* Info.plist */ = {isa = PBXFileReference; fileEncoding = 4; lastKnownFileType = text.plist.xml; path = Info.plist; sourceTree = "<group>"; };
		D872606E1E0C9D6F008572ED /* Embassy.h */ = {isa = PBXFileReference; fileEncoding = 4; lastKnownFileType = sourcecode.c.h; path = Embassy.h; sourceTree = "<group>"; };
		D898DC841CF62E1B0027E17E /* Atomic.swift */ = {isa = PBXFileReference; fileEncoding = 4; lastKnownFileType = sourcecode.swift; path = Atomic.swift; sourceTree = "<group>"; };
		D898DC8D1CF665010027E17E /* HeapSort.swift */ = {isa = PBXFileReference; fileEncoding = 4; lastKnownFileType = sourcecode.swift; path = HeapSort.swift; sourceTree = "<group>"; };
		D898DC8F1CF66CBD0027E17E /* HeapSortTetsts.swift */ = {isa = PBXFileReference; fileEncoding = 4; lastKnownFileType = sourcecode.swift; path = HeapSortTetsts.swift; sourceTree = "<group>"; };
		D8AF23D11E207CC40097D951 /* SelectSelector.swift */ = {isa = PBXFileReference; fileEncoding = 4; lastKnownFileType = sourcecode.swift; path = SelectSelector.swift; sourceTree = "<group>"; };
		D8B5F2351CF387E40093EF94 /* MultiDictionaryTests.swift */ = {isa = PBXFileReference; fileEncoding = 4; lastKnownFileType = sourcecode.swift; path = MultiDictionaryTests.swift; sourceTree = "<group>"; };
		D8B5F2371CF38C170093EF94 /* SWSGIUtils.swift */ = {isa = PBXFileReference; fileEncoding = 4; lastKnownFileType = sourcecode.swift; path = SWSGIUtils.swift; sourceTree = "<group>"; };
		D8B5F2391CF3C91E0093EF94 /* EventLoop.swift */ = {isa = PBXFileReference; fileEncoding = 4; lastKnownFileType = sourcecode.swift; path = EventLoop.swift; sourceTree = "<group>"; };
		D8F3D38A1CEF8AC800342389 /* TCPSocket.swift */ = {isa = PBXFileReference; fileEncoding = 4; lastKnownFileType = sourcecode.swift; path = TCPSocket.swift; sourceTree = "<group>"; };
		D8F3D38C1CEF9B9700342389 /* Selector.swift */ = {isa = PBXFileReference; fileEncoding = 4; lastKnownFileType = sourcecode.swift; path = Selector.swift; sourceTree = "<group>"; };
		D8F3D38E1CEFA09B00342389 /* TCPSocketTests.swift */ = {isa = PBXFileReference; fileEncoding = 4; lastKnownFileType = sourcecode.swift; path = TCPSocketTests.swift; sourceTree = "<group>"; };
		D8F3D3901CEFB1AA00342389 /* TestingHelpers.swift */ = {isa = PBXFileReference; fileEncoding = 4; lastKnownFileType = sourcecode.swift; path = TestingHelpers.swift; sourceTree = "<group>"; };
		D8F3D3921CEFD79100342389 /* KqueueSelector.swift */ = {isa = PBXFileReference; fileEncoding = 4; lastKnownFileType = sourcecode.swift; path = KqueueSelector.swift; sourceTree = "<group>"; };
		D8F3D3941CF0223600342389 /* KqueueSelectorTests.swift */ = {isa = PBXFileReference; fileEncoding = 4; lastKnownFileType = sourcecode.swift; path = KqueueSelectorTests.swift; sourceTree = "<group>"; };
		D8F3D3961CF03DF500342389 /* SelectorEventLoop.swift */ = {isa = PBXFileReference; fileEncoding = 4; lastKnownFileType = sourcecode.swift; path = SelectorEventLoop.swift; sourceTree = "<group>"; };
		D8F3D3981CF0F24500342389 /* Errors.swift */ = {isa = PBXFileReference; fileEncoding = 4; lastKnownFileType = sourcecode.swift; path = Errors.swift; sourceTree = "<group>"; };
		D8FBA9531CFF69C300743A54 /* MultiDictionary.swift */ = {isa = PBXFileReference; fileEncoding = 4; lastKnownFileType = sourcecode.swift; path = MultiDictionary.swift; sourceTree = "<group>"; };
/* End PBXFileReference section */

/* Begin PBXFrameworksBuildPhase section */
		AA9242CA1DE91EA2009FE50B /* Frameworks */ = {
			isa = PBXFrameworksBuildPhase;
			buildActionMask = 2147483647;
			files = (
			);
			runOnlyForDeploymentPostprocessing = 0;
		};
		AA9242D31DE91EA2009FE50B /* Frameworks */ = {
			isa = PBXFrameworksBuildPhase;
			buildActionMask = 2147483647;
			files = (
				AA9242D71DE91EA2009FE50B /* Embassy.framework in Frameworks */,
			);
			runOnlyForDeploymentPostprocessing = 0;
		};
		D85613E51CEE6B160060CCB7 /* Frameworks */ = {
			isa = PBXFrameworksBuildPhase;
			buildActionMask = 2147483647;
			files = (
			);
			runOnlyForDeploymentPostprocessing = 0;
		};
		D85613F01CEE6B160060CCB7 /* Frameworks */ = {
			isa = PBXFrameworksBuildPhase;
			buildActionMask = 2147483647;
			files = (
				D85613F41CEE6B160060CCB7 /* Embassy.framework in Frameworks */,
			);
			runOnlyForDeploymentPostprocessing = 0;
		};
/* End PBXFrameworksBuildPhase section */

/* Begin PBXGroup section */
		D85588E41DF7E7D00077E1EB /* Supporting Files */ = {
			isa = PBXGroup;
			children = (
				D87260621E0C6CFD008572ED /* Info.plist */,
			);
			name = "Supporting Files";
			sourceTree = "<group>";
		};
		D85588E51DF7E8720077E1EB /* Supporting Files */ = {
			isa = PBXGroup;
			children = (
				D87260641E0C6D05008572ED /* Info.plist */,
			);
			name = "Supporting Files";
			sourceTree = "<group>";
		};
		D85613DF1CEE6B160060CCB7 = {
			isa = PBXGroup;
			children = (
				AA4D52201F3285C900BD682B /* Embassy.podspec */,
				AA4D521F1F32848A00BD682B /* .swift-version */,
				D85613EB1CEE6B160060CCB7 /* Embassy */,
				D85613F71CEE6B160060CCB7 /* EmbassyTests */,
			);
			indentWidth = 4;
			sourceTree = "<group>";
			tabWidth = 4;
		};
		D85613EA1CEE6B160060CCB7 /* Products */ = {
			isa = PBXGroup;
			children = (
				D85613E91CEE6B160060CCB7 /* Embassy.framework */,
				D85613F31CEE6B160060CCB7 /* Embassy-iOSTests.xctest */,
				AA9242CE1DE91EA2009FE50B /* Embassy.framework */,
				AA9242D61DE91EA2009FE50B /* Embassy-macOSTests.xctest */,
			);
			name = Products;
			path = ../..;
			sourceTree = "<group>";
		};
		D85613EB1CEE6B160060CCB7 /* Embassy */ = {
			isa = PBXGroup;
			children = (
				D866875D1D00D69900FA53F2 /* IO */,
				D866875C1D00D67700FA53F2 /* HTTP */,
				D86687571D00C21300FA53F2 /* Logging */,
				D85588E41DF7E7D00077E1EB /* Supporting Files */,
				D872606E1E0C9D6F008572ED /* Embassy.h */,
				D85614051CEE6C0C0060CCB7 /* SWSGI.swift */,
				D8B5F2371CF38C170093EF94 /* SWSGIUtils.swift */,
				D8FBA9531CFF69C300743A54 /* MultiDictionary.swift */,
				D898DC8D1CF665010027E17E /* HeapSort.swift */,
				D8F3D3981CF0F24500342389 /* Errors.swift */,
				D898DC841CF62E1B0027E17E /* Atomic.swift */,
				D851BD441E2AD9E100537B6A /* SystemLibrary.swift */,
			);
			name = Embassy;
			path = Sources;
			sourceTree = "<group>";
		};
		D85613F71CEE6B160060CCB7 /* EmbassyTests */ = {
			isa = PBXGroup;
			children = (
				D85588E51DF7E8720077E1EB /* Supporting Files */,
				D856140F1CEE72A10060CCB7 /* HTTPHeaderParserTests.swift */,
				D8F3D38E1CEFA09B00342389 /* TCPSocketTests.swift */,
				D8F3D3941CF0223600342389 /* KqueueSelectorTests.swift */,
				D851BD411E29A5CA00537B6A /* SelectSelectorTests.swift */,
				D83A71991CF11AF600C0C21C /* SelectorEventLoopTests.swift */,
				D83A719D1CF1275A00C0C21C /* TransportTests.swift */,
				D8B5F2351CF387E40093EF94 /* MultiDictionaryTests.swift */,
				D83A71A31CF15BCA00C0C21C /* HTTPServerTests.swift */,
				D898DC8F1CF66CBD0027E17E /* HeapSortTetsts.swift */,
				D8F3D3901CEFB1AA00342389 /* TestingHelpers.swift */,
				D85613EA1CEE6B160060CCB7 /* Products */,
			);
			name = EmbassyTests;
			path = Tests/EmbassyTests;
			sourceTree = "<group>";
		};
		D86687571D00C21300FA53F2 /* Logging */ = {
			isa = PBXGroup;
			children = (
				D86687531D00C07F00FA53F2 /* Logger.swift */,
				D86687601D00D7E100FA53F2 /* LogFormatter.swift */,
				D86687511D00BC1100FA53F2 /* LogHandler.swift */,
				D83A71A51CF1788B00C0C21C /* DefaultLogger.swift */,
				D86687621D00D85B00FA53F2 /* DefaultLogFormatter.swift */,
				D86687551D00C20C00FA53F2 /* TransformLogHandler.swift */,
				D86687581D00C47D00FA53F2 /* PropagateLogHandler.swift */,
				D866875A1D00C70400FA53F2 /* PrintLogHandler.swift */,
				D866875E1D00D73F00FA53F2 /* FileLogHandler.swift */,
			);
			name = Logging;
			sourceTree = "<group>";
		};
		D866875C1D00D67700FA53F2 /* HTTP */ = {
			isa = PBXGroup;
			children = (
				D85614071CEE6DB20060CCB7 /* HTTPServer.swift */,
				D856140B1CEE6FE60060CCB7 /* DefaultHTTPServer.swift */,
				D83A71A11CF1542300C0C21C /* HTTPConnection.swift */,
				D83A719F1CF152F300C0C21C /* HTTPRequest.swift */,
				D856140D1CEE70D70060CCB7 /* HTTPHeaderParser.swift */,
			);
			name = HTTP;
			sourceTree = "<group>";
		};
		D866875D1D00D69900FA53F2 /* IO */ = {
			isa = PBXGroup;
			children = (
				D8B5F2391CF3C91E0093EF94 /* EventLoop.swift */,
				D8F3D38C1CEF9B9700342389 /* Selector.swift */,
				D8F3D3961CF03DF500342389 /* SelectorEventLoop.swift */,
				D8AF23D11E207CC40097D951 /* SelectSelector.swift */,
				D8F3D3921CEFD79100342389 /* KqueueSelector.swift */,
				D83A719B1CF1230E00C0C21C /* Transport.swift */,
				D8F3D38A1CEF8AC800342389 /* TCPSocket.swift */,
				D83A71951CF119D200C0C21C /* IOUtils.swift */,
			);
			name = IO;
			sourceTree = "<group>";
		};
/* End PBXGroup section */

/* Begin PBXHeadersBuildPhase section */
		AA9242CB1DE91EA2009FE50B /* Headers */ = {
			isa = PBXHeadersBuildPhase;
			buildActionMask = 2147483647;
			files = (
			);
			runOnlyForDeploymentPostprocessing = 0;
		};
		D85613E61CEE6B160060CCB7 /* Headers */ = {
			isa = PBXHeadersBuildPhase;
			buildActionMask = 2147483647;
			files = (
			);
			runOnlyForDeploymentPostprocessing = 0;
		};
/* End PBXHeadersBuildPhase section */

/* Begin PBXNativeTarget section */
		AA9242CD1DE91EA2009FE50B /* Embassy-macOS */ = {
			isa = PBXNativeTarget;
			buildConfigurationList = AA9242DF1DE91EA2009FE50B /* Build configuration list for PBXNativeTarget "Embassy-macOS" */;
			buildPhases = (
				AA9242C91DE91EA2009FE50B /* Sources */,
				AA9242CA1DE91EA2009FE50B /* Frameworks */,
				AA9242CB1DE91EA2009FE50B /* Headers */,
				AA9242CC1DE91EA2009FE50B /* Resources */,
			);
			buildRules = (
			);
			dependencies = (
			);
			name = "Embassy-macOS";
			productName = "Embassy-macOS";
			productReference = AA9242CE1DE91EA2009FE50B /* Embassy.framework */;
			productType = "com.apple.product-type.framework";
		};
		AA9242D51DE91EA2009FE50B /* Embassy-macOSTests */ = {
			isa = PBXNativeTarget;
			buildConfigurationList = AA9242E21DE91EA2009FE50B /* Build configuration list for PBXNativeTarget "Embassy-macOSTests" */;
			buildPhases = (
				AA9242D21DE91EA2009FE50B /* Sources */,
				AA9242D31DE91EA2009FE50B /* Frameworks */,
				AA9242D41DE91EA2009FE50B /* Resources */,
			);
			buildRules = (
			);
			dependencies = (
				AA9242D91DE91EA2009FE50B /* PBXTargetDependency */,
			);
			name = "Embassy-macOSTests";
			productName = "Embassy-macOSTests";
			productReference = AA9242D61DE91EA2009FE50B /* Embassy-macOSTests.xctest */;
			productType = "com.apple.product-type.bundle.unit-test";
		};
		D85613E81CEE6B160060CCB7 /* Embassy-iOS */ = {
			isa = PBXNativeTarget;
			buildConfigurationList = D85613FD1CEE6B160060CCB7 /* Build configuration list for PBXNativeTarget "Embassy-iOS" */;
			buildPhases = (
				D85613E41CEE6B160060CCB7 /* Sources */,
				D85613E51CEE6B160060CCB7 /* Frameworks */,
				D85613E61CEE6B160060CCB7 /* Headers */,
				D85613E71CEE6B160060CCB7 /* Resources */,
			);
			buildRules = (
			);
			dependencies = (
			);
			name = "Embassy-iOS";
			productName = Embassy;
			productReference = D85613E91CEE6B160060CCB7 /* Embassy.framework */;
			productType = "com.apple.product-type.framework";
		};
		D85613F21CEE6B160060CCB7 /* Embassy-iOSTests */ = {
			isa = PBXNativeTarget;
			buildConfigurationList = D85614001CEE6B160060CCB7 /* Build configuration list for PBXNativeTarget "Embassy-iOSTests" */;
			buildPhases = (
				D85613EF1CEE6B160060CCB7 /* Sources */,
				D85613F01CEE6B160060CCB7 /* Frameworks */,
				D85613F11CEE6B160060CCB7 /* Resources */,
			);
			buildRules = (
			);
			dependencies = (
				D85613F61CEE6B160060CCB7 /* PBXTargetDependency */,
			);
			name = "Embassy-iOSTests";
			productName = EmbassyTests;
			productReference = D85613F31CEE6B160060CCB7 /* Embassy-iOSTests.xctest */;
			productType = "com.apple.product-type.bundle.unit-test";
		};
/* End PBXNativeTarget section */

/* Begin PBXProject section */
		D85613E01CEE6B160060CCB7 /* Project object */ = {
			isa = PBXProject;
			attributes = {
				LastSwiftUpdateCheck = 0810;
				LastUpgradeCheck = 0900;
				ORGANIZATIONNAME = "Fang-Pen Lin";
				TargetAttributes = {
					AA9242CD1DE91EA2009FE50B = {
						CreatedOnToolsVersion = 8.1;
						ProvisioningStyle = Automatic;
					};
					AA9242D51DE91EA2009FE50B = {
						CreatedOnToolsVersion = 8.1;
						ProvisioningStyle = Automatic;
					};
					D85613E81CEE6B160060CCB7 = {
						CreatedOnToolsVersion = 7.3.1;
						LastSwiftMigration = 0900;
					};
					D85613F21CEE6B160060CCB7 = {
						CreatedOnToolsVersion = 7.3.1;
						LastSwiftMigration = 0900;
					};
				};
			};
			buildConfigurationList = D85613E31CEE6B160060CCB7 /* Build configuration list for PBXProject "Embassy" */;
			compatibilityVersion = "Xcode 3.2";
			developmentRegion = English;
			hasScannedForEncodings = 0;
			knownRegions = (
				en,
			);
			mainGroup = D85613DF1CEE6B160060CCB7;
			productRefGroup = D85613EA1CEE6B160060CCB7 /* Products */;
			projectDirPath = "";
			projectRoot = "";
			targets = (
				D85613E81CEE6B160060CCB7 /* Embassy-iOS */,
				D85613F21CEE6B160060CCB7 /* Embassy-iOSTests */,
				AA9242CD1DE91EA2009FE50B /* Embassy-macOS */,
				AA9242D51DE91EA2009FE50B /* Embassy-macOSTests */,
			);
		};
/* End PBXProject section */

/* Begin PBXResourcesBuildPhase section */
		AA9242CC1DE91EA2009FE50B /* Resources */ = {
			isa = PBXResourcesBuildPhase;
			buildActionMask = 2147483647;
			files = (
			);
			runOnlyForDeploymentPostprocessing = 0;
		};
		AA9242D41DE91EA2009FE50B /* Resources */ = {
			isa = PBXResourcesBuildPhase;
			buildActionMask = 2147483647;
			files = (
			);
			runOnlyForDeploymentPostprocessing = 0;
		};
		D85613E71CEE6B160060CCB7 /* Resources */ = {
			isa = PBXResourcesBuildPhase;
			buildActionMask = 2147483647;
			files = (
				D87260651E0C6D05008572ED /* Info.plist in Resources */,
				AA4D52211F3285C900BD682B /* Embassy.podspec in Resources */,
			);
			runOnlyForDeploymentPostprocessing = 0;
		};
		D85613F11CEE6B160060CCB7 /* Resources */ = {
			isa = PBXResourcesBuildPhase;
			buildActionMask = 2147483647;
			files = (
			);
			runOnlyForDeploymentPostprocessing = 0;
		};
/* End PBXResourcesBuildPhase section */

/* Begin PBXSourcesBuildPhase section */
		AA9242C91DE91EA2009FE50B /* Sources */ = {
			isa = PBXSourcesBuildPhase;
			buildActionMask = 2147483647;
			files = (
				AA6732821DE92542003ABD4E /* EventLoop.swift in Sources */,
				AA67326C1DE92533003ABD4E /* SWSGI.swift in Sources */,
				AA6732841DE92542003ABD4E /* Transport.swift in Sources */,
				AA6732861DE92542003ABD4E /* IOUtils.swift in Sources */,
				AA6732701DE92533003ABD4E /* Errors.swift in Sources */,
				AA6732851DE92542003ABD4E /* TCPSocket.swift in Sources */,
				AA67327B1DE9253D003ABD4E /* HTTPServer.swift in Sources */,
				D851BD461E2AD9E300537B6A /* SystemLibrary.swift in Sources */,
				AA67326E1DE92533003ABD4E /* MultiDictionary.swift in Sources */,
				AA67327A1DE92538003ABD4E /* FileLogHandler.swift in Sources */,
				AA6732741DE92538003ABD4E /* LogHandler.swift in Sources */,
				AA67327C1DE9253D003ABD4E /* DefaultHTTPServer.swift in Sources */,
				AA67327D1DE9253D003ABD4E /* HTTPConnection.swift in Sources */,
				AA6732811DE92542003ABD4E /* KqueueSelector.swift in Sources */,
				AA6732731DE92538003ABD4E /* LogFormatter.swift in Sources */,
				AA6732761DE92538003ABD4E /* DefaultLogFormatter.swift in Sources */,
				AA6732751DE92538003ABD4E /* DefaultLogger.swift in Sources */,
				AA67327F1DE9253D003ABD4E /* HTTPHeaderParser.swift in Sources */,
				AA6732791DE92538003ABD4E /* PrintLogHandler.swift in Sources */,
				AA67326D1DE92533003ABD4E /* SWSGIUtils.swift in Sources */,
				AA6732771DE92538003ABD4E /* TransformLogHandler.swift in Sources */,
				AA6732721DE92538003ABD4E /* Logger.swift in Sources */,
				AA6732781DE92538003ABD4E /* PropagateLogHandler.swift in Sources */,
				AA67327E1DE9253D003ABD4E /* HTTPRequest.swift in Sources */,
				AA6732711DE92533003ABD4E /* Atomic.swift in Sources */,
				D8AF23D31E207CC40097D951 /* SelectSelector.swift in Sources */,
				AA67326F1DE92533003ABD4E /* HeapSort.swift in Sources */,
				AA6732801DE92542003ABD4E /* Selector.swift in Sources */,
				AA6732831DE92542003ABD4E /* SelectorEventLoop.swift in Sources */,
			);
			runOnlyForDeploymentPostprocessing = 0;
		};
		AA9242D21DE91EA2009FE50B /* Sources */ = {
			isa = PBXSourcesBuildPhase;
			buildActionMask = 2147483647;
			files = (
				D851BD431E29A5CA00537B6A /* SelectSelectorTests.swift in Sources */,
				AA6732661DE92431003ABD4E /* KqueueSelectorTests.swift in Sources */,
				AA6732871DE9257A003ABD4E /* TestingHelpers.swift in Sources */,
				AA67326A1DE92431003ABD4E /* HTTPServerTests.swift in Sources */,
				AA6732651DE92431003ABD4E /* TCPSocketTests.swift in Sources */,
				AA6732691DE92431003ABD4E /* MultiDictionaryTests.swift in Sources */,
				AA6732681DE92431003ABD4E /* TransportTests.swift in Sources */,
				AA6732641DE92431003ABD4E /* HTTPHeaderParserTests.swift in Sources */,
				AA6732671DE92431003ABD4E /* SelectorEventLoopTests.swift in Sources */,
				AA67326B1DE92431003ABD4E /* HeapSortTetsts.swift in Sources */,
			);
			runOnlyForDeploymentPostprocessing = 0;
		};
		D85613E41CEE6B160060CCB7 /* Sources */ = {
			isa = PBXSourcesBuildPhase;
			buildActionMask = 2147483647;
			files = (
				D86687631D00D85B00FA53F2 /* DefaultLogFormatter.swift in Sources */,
				D8F3D3971CF03DF500342389 /* SelectorEventLoop.swift in Sources */,
				D8FBA9541CFF69C300743A54 /* MultiDictionary.swift in Sources */,
				D83A71A21CF1542300C0C21C /* HTTPConnection.swift in Sources */,
				D85614081CEE6DB20060CCB7 /* HTTPServer.swift in Sources */,
				D85614061CEE6C0C0060CCB7 /* SWSGI.swift in Sources */,
				D898DC851CF62E1B0027E17E /* Atomic.swift in Sources */,
				D851BD451E2AD9E100537B6A /* SystemLibrary.swift in Sources */,
				D8F3D38D1CEF9B9700342389 /* Selector.swift in Sources */,
				D86687611D00D7E100FA53F2 /* LogFormatter.swift in Sources */,
				D86687541D00C07F00FA53F2 /* Logger.swift in Sources */,
				D83A719C1CF1230E00C0C21C /* Transport.swift in Sources */,
				D86687561D00C20C00FA53F2 /* TransformLogHandler.swift in Sources */,
				D898DC8E1CF665010027E17E /* HeapSort.swift in Sources */,
				D86687591D00C47D00FA53F2 /* PropagateLogHandler.swift in Sources */,
				D8F3D38B1CEF8AC800342389 /* TCPSocket.swift in Sources */,
				D83A71961CF119D200C0C21C /* IOUtils.swift in Sources */,
				D86687521D00BC1100FA53F2 /* LogHandler.swift in Sources */,
				D856140C1CEE6FE60060CCB7 /* DefaultHTTPServer.swift in Sources */,
				D8F3D3931CEFD79100342389 /* KqueueSelector.swift in Sources */,
				D83A71A01CF152F300C0C21C /* HTTPRequest.swift in Sources */,
				D8B5F2381CF38C170093EF94 /* SWSGIUtils.swift in Sources */,
				D8B5F23A1CF3C91E0093EF94 /* EventLoop.swift in Sources */,
				D83A71A61CF1788B00C0C21C /* DefaultLogger.swift in Sources */,
				D866875B1D00C70400FA53F2 /* PrintLogHandler.swift in Sources */,
				D8AF23D21E207CC40097D951 /* SelectSelector.swift in Sources */,
				D8F3D3991CF0F24500342389 /* Errors.swift in Sources */,
				D866875F1D00D73F00FA53F2 /* FileLogHandler.swift in Sources */,
				D856140E1CEE70D70060CCB7 /* HTTPHeaderParser.swift in Sources */,
			);
			runOnlyForDeploymentPostprocessing = 0;
		};
		D85613EF1CEE6B160060CCB7 /* Sources */ = {
			isa = PBXSourcesBuildPhase;
			buildActionMask = 2147483647;
			files = (
				D851BD421E29A5CA00537B6A /* SelectSelectorTests.swift in Sources */,
				D8F3D3951CF0223600342389 /* KqueueSelectorTests.swift in Sources */,
				D83A719A1CF11AF600C0C21C /* SelectorEventLoopTests.swift in Sources */,
				D83A71A41CF15BCA00C0C21C /* HTTPServerTests.swift in Sources */,
				D8F3D38F1CEFA09B00342389 /* TCPSocketTests.swift in Sources */,
				D8B5F2361CF387E40093EF94 /* MultiDictionaryTests.swift in Sources */,
				D83A719E1CF1275A00C0C21C /* TransportTests.swift in Sources */,
				D8F3D3911CEFB1AA00342389 /* TestingHelpers.swift in Sources */,
				D85614101CEE72A10060CCB7 /* HTTPHeaderParserTests.swift in Sources */,
				D898DC901CF66CBD0027E17E /* HeapSortTetsts.swift in Sources */,
			);
			runOnlyForDeploymentPostprocessing = 0;
		};
/* End PBXSourcesBuildPhase section */

/* Begin PBXTargetDependency section */
		AA9242D91DE91EA2009FE50B /* PBXTargetDependency */ = {
			isa = PBXTargetDependency;
			target = AA9242CD1DE91EA2009FE50B /* Embassy-macOS */;
			targetProxy = AA9242D81DE91EA2009FE50B /* PBXContainerItemProxy */;
		};
		D85613F61CEE6B160060CCB7 /* PBXTargetDependency */ = {
			isa = PBXTargetDependency;
			target = D85613E81CEE6B160060CCB7 /* Embassy-iOS */;
			targetProxy = D85613F51CEE6B160060CCB7 /* PBXContainerItemProxy */;
		};
/* End PBXTargetDependency section */

/* Begin XCBuildConfiguration section */
		AA9242E01DE91EA2009FE50B /* Debug */ = {
			isa = XCBuildConfiguration;
			buildSettings = {
				CLANG_WARN_DOCUMENTATION_COMMENTS = YES;
				CLANG_WARN_SUSPICIOUS_MOVES = YES;
				CODE_SIGN_IDENTITY = "-";
				COMBINE_HIDPI_IMAGES = YES;
				DEFINES_MODULE = YES;
				DYLIB_COMPATIBILITY_VERSION = 1;
				DYLIB_CURRENT_VERSION = 1;
				DYLIB_INSTALL_NAME_BASE = "@rpath";
				FRAMEWORK_VERSION = A;
				INFOPLIST_FILE = Sources/Info.plist;
				INSTALL_PATH = "$(LOCAL_LIBRARY_DIR)/Frameworks";
				LD_RUNPATH_SEARCH_PATHS = "$(inherited) @executable_path/../Frameworks @loader_path/Frameworks";
				MACOSX_DEPLOYMENT_TARGET = 10.11;
				PRODUCT_BUNDLE_IDENTIFIER = com.envoy.Embassy;
				PRODUCT_NAME = Embassy;
				SDKROOT = macosx;
				SKIP_INSTALL = YES;
				SWIFT_ACTIVE_COMPILATION_CONDITIONS = DEBUG;
			};
			name = Debug;
		};
		AA9242E11DE91EA2009FE50B /* Release */ = {
			isa = XCBuildConfiguration;
			buildSettings = {
				CLANG_WARN_DOCUMENTATION_COMMENTS = YES;
				CLANG_WARN_SUSPICIOUS_MOVES = YES;
				CODE_SIGN_IDENTITY = "-";
				COMBINE_HIDPI_IMAGES = YES;
				DEFINES_MODULE = YES;
				DYLIB_COMPATIBILITY_VERSION = 1;
				DYLIB_CURRENT_VERSION = 1;
				DYLIB_INSTALL_NAME_BASE = "@rpath";
				FRAMEWORK_VERSION = A;
				INFOPLIST_FILE = Sources/Info.plist;
				INSTALL_PATH = "$(LOCAL_LIBRARY_DIR)/Frameworks";
				LD_RUNPATH_SEARCH_PATHS = "$(inherited) @executable_path/../Frameworks @loader_path/Frameworks";
				MACOSX_DEPLOYMENT_TARGET = 10.11;
				PRODUCT_BUNDLE_IDENTIFIER = com.envoy.Embassy;
				PRODUCT_NAME = Embassy;
				SDKROOT = macosx;
				SKIP_INSTALL = YES;
			};
			name = Release;
		};
		AA9242E31DE91EA2009FE50B /* Debug */ = {
			isa = XCBuildConfiguration;
			buildSettings = {
				ALWAYS_EMBED_SWIFT_STANDARD_LIBRARIES = YES;
				CLANG_WARN_DOCUMENTATION_COMMENTS = YES;
				CLANG_WARN_SUSPICIOUS_MOVES = YES;
				CODE_SIGN_IDENTITY = "-";
				COMBINE_HIDPI_IMAGES = YES;
				INFOPLIST_FILE = Tests/EmbassyTests/Info.plist;
				LD_RUNPATH_SEARCH_PATHS = "$(inherited) @executable_path/../Frameworks @loader_path/../Frameworks";
				MACOSX_DEPLOYMENT_TARGET = 10.12;
				PRODUCT_BUNDLE_IDENTIFIER = "com.envoy.Embassy-macOSTests";
				PRODUCT_NAME = "$(TARGET_NAME)";
				SDKROOT = macosx;
				SWIFT_ACTIVE_COMPILATION_CONDITIONS = DEBUG;
			};
			name = Debug;
		};
		AA9242E41DE91EA2009FE50B /* Release */ = {
			isa = XCBuildConfiguration;
			buildSettings = {
				ALWAYS_EMBED_SWIFT_STANDARD_LIBRARIES = YES;
				CLANG_WARN_DOCUMENTATION_COMMENTS = YES;
				CLANG_WARN_SUSPICIOUS_MOVES = YES;
				CODE_SIGN_IDENTITY = "-";
				COMBINE_HIDPI_IMAGES = YES;
				INFOPLIST_FILE = Tests/EmbassyTests/Info.plist;
				LD_RUNPATH_SEARCH_PATHS = "$(inherited) @executable_path/../Frameworks @loader_path/../Frameworks";
				MACOSX_DEPLOYMENT_TARGET = 10.12;
				PRODUCT_BUNDLE_IDENTIFIER = "com.envoy.Embassy-macOSTests";
				PRODUCT_NAME = "$(TARGET_NAME)";
				SDKROOT = macosx;
			};
			name = Release;
		};
		D85613FB1CEE6B160060CCB7 /* Debug */ = {
			isa = XCBuildConfiguration;
			buildSettings = {
				ALWAYS_SEARCH_USER_PATHS = NO;
				CLANG_ANALYZER_NONNULL = YES;
				CLANG_CXX_LANGUAGE_STANDARD = "gnu++0x";
				CLANG_CXX_LIBRARY = "libc++";
				CLANG_ENABLE_MODULES = YES;
				CLANG_ENABLE_OBJC_ARC = YES;
				CLANG_WARN_BLOCK_CAPTURE_AUTORELEASING = YES;
				CLANG_WARN_BOOL_CONVERSION = YES;
				CLANG_WARN_COMMA = YES;
				CLANG_WARN_CONSTANT_CONVERSION = YES;
				CLANG_WARN_DIRECT_OBJC_ISA_USAGE = YES_ERROR;
				CLANG_WARN_EMPTY_BODY = YES;
				CLANG_WARN_ENUM_CONVERSION = YES;
				CLANG_WARN_INFINITE_RECURSION = YES;
				CLANG_WARN_INT_CONVERSION = YES;
				CLANG_WARN_NON_LITERAL_NULL_CONVERSION = YES;
				CLANG_WARN_OBJC_LITERAL_CONVERSION = YES;
				CLANG_WARN_OBJC_ROOT_CLASS = YES_ERROR;
				CLANG_WARN_RANGE_LOOP_ANALYSIS = YES;
				CLANG_WARN_STRICT_PROTOTYPES = YES;
				CLANG_WARN_SUSPICIOUS_MOVE = YES;
				CLANG_WARN_UNREACHABLE_CODE = YES;
				CLANG_WARN__DUPLICATE_METHOD_MATCH = YES;
				"CODE_SIGN_IDENTITY[sdk=iphoneos*]" = "iPhone Developer";
				COPY_PHASE_STRIP = NO;
				CURRENT_PROJECT_VERSION = 1;
				DEBUG_INFORMATION_FORMAT = dwarf;
				ENABLE_STRICT_OBJC_MSGSEND = YES;
				ENABLE_TESTABILITY = YES;
				GCC_C_LANGUAGE_STANDARD = gnu99;
				GCC_DYNAMIC_NO_PIC = NO;
				GCC_NO_COMMON_BLOCKS = YES;
				GCC_OPTIMIZATION_LEVEL = 0;
				GCC_PREPROCESSOR_DEFINITIONS = (
					"DEBUG=1",
					"$(inherited)",
				);
				GCC_WARN_64_TO_32_BIT_CONVERSION = YES;
				GCC_WARN_ABOUT_RETURN_TYPE = YES_ERROR;
				GCC_WARN_UNDECLARED_SELECTOR = YES;
				GCC_WARN_UNINITIALIZED_AUTOS = YES_AGGRESSIVE;
				GCC_WARN_UNUSED_FUNCTION = YES;
				GCC_WARN_UNUSED_VARIABLE = YES;
				IPHONEOS_DEPLOYMENT_TARGET = 9.3;
				MTL_ENABLE_DEBUG_INFO = YES;
				ONLY_ACTIVE_ARCH = YES;
				SDKROOT = iphoneos;
				SWIFT_OPTIMIZATION_LEVEL = "-Onone";
				SWIFT_SWIFT3_OBJC_INFERENCE = Off;
				SWIFT_VERSION = 4.0;
				TARGETED_DEVICE_FAMILY = "1,2";
				VERSIONING_SYSTEM = "apple-generic";
				VERSION_INFO_PREFIX = "";
			};
			name = Debug;
		};
		D85613FC1CEE6B160060CCB7 /* Release */ = {
			isa = XCBuildConfiguration;
			buildSettings = {
				ALWAYS_SEARCH_USER_PATHS = NO;
				CLANG_ANALYZER_NONNULL = YES;
				CLANG_CXX_LANGUAGE_STANDARD = "gnu++0x";
				CLANG_CXX_LIBRARY = "libc++";
				CLANG_ENABLE_MODULES = YES;
				CLANG_ENABLE_OBJC_ARC = YES;
				CLANG_WARN_BLOCK_CAPTURE_AUTORELEASING = YES;
				CLANG_WARN_BOOL_CONVERSION = YES;
				CLANG_WARN_COMMA = YES;
				CLANG_WARN_CONSTANT_CONVERSION = YES;
				CLANG_WARN_DIRECT_OBJC_ISA_USAGE = YES_ERROR;
				CLANG_WARN_EMPTY_BODY = YES;
				CLANG_WARN_ENUM_CONVERSION = YES;
				CLANG_WARN_INFINITE_RECURSION = YES;
				CLANG_WARN_INT_CONVERSION = YES;
				CLANG_WARN_NON_LITERAL_NULL_CONVERSION = YES;
				CLANG_WARN_OBJC_LITERAL_CONVERSION = YES;
				CLANG_WARN_OBJC_ROOT_CLASS = YES_ERROR;
				CLANG_WARN_RANGE_LOOP_ANALYSIS = YES;
				CLANG_WARN_STRICT_PROTOTYPES = YES;
				CLANG_WARN_SUSPICIOUS_MOVE = YES;
				CLANG_WARN_UNREACHABLE_CODE = YES;
				CLANG_WARN__DUPLICATE_METHOD_MATCH = YES;
				"CODE_SIGN_IDENTITY[sdk=iphoneos*]" = "iPhone Developer";
				COPY_PHASE_STRIP = NO;
				CURRENT_PROJECT_VERSION = 1;
				DEBUG_INFORMATION_FORMAT = "dwarf-with-dsym";
				ENABLE_NS_ASSERTIONS = NO;
				ENABLE_STRICT_OBJC_MSGSEND = YES;
				GCC_C_LANGUAGE_STANDARD = gnu99;
				GCC_NO_COMMON_BLOCKS = YES;
				GCC_WARN_64_TO_32_BIT_CONVERSION = YES;
				GCC_WARN_ABOUT_RETURN_TYPE = YES_ERROR;
				GCC_WARN_UNDECLARED_SELECTOR = YES;
				GCC_WARN_UNINITIALIZED_AUTOS = YES_AGGRESSIVE;
				GCC_WARN_UNUSED_FUNCTION = YES;
				GCC_WARN_UNUSED_VARIABLE = YES;
				IPHONEOS_DEPLOYMENT_TARGET = 9.3;
				MTL_ENABLE_DEBUG_INFO = NO;
				SDKROOT = iphoneos;
				SWIFT_OPTIMIZATION_LEVEL = "-Owholemodule";
				SWIFT_SWIFT3_OBJC_INFERENCE = Off;
				SWIFT_VERSION = 4.0;
				TARGETED_DEVICE_FAMILY = "1,2";
				VALIDATE_PRODUCT = YES;
				VERSIONING_SYSTEM = "apple-generic";
				VERSION_INFO_PREFIX = "";
			};
			name = Release;
		};
		D85613FE1CEE6B160060CCB7 /* Debug */ = {
			isa = XCBuildConfiguration;
			buildSettings = {
				CLANG_ENABLE_MODULES = YES;
				"CODE_SIGN_IDENTITY[sdk=iphoneos*]" = "";
				DEFINES_MODULE = YES;
				DYLIB_COMPATIBILITY_VERSION = 1;
				DYLIB_CURRENT_VERSION = 1;
				DYLIB_INSTALL_NAME_BASE = "@rpath";
				INFOPLIST_FILE = Sources/Info.plist;
				INSTALL_PATH = "$(LOCAL_LIBRARY_DIR)/Frameworks";
				LD_RUNPATH_SEARCH_PATHS = "$(inherited) @executable_path/Frameworks @loader_path/Frameworks";
				PRODUCT_BUNDLE_IDENTIFIER = com.envoy.Embassy;
				PRODUCT_NAME = Embassy;
				SKIP_INSTALL = YES;
				SWIFT_OPTIMIZATION_LEVEL = "-Onone";
			};
			name = Debug;
		};
		D85613FF1CEE6B160060CCB7 /* Release */ = {
			isa = XCBuildConfiguration;
			buildSettings = {
				CLANG_ENABLE_MODULES = YES;
				"CODE_SIGN_IDENTITY[sdk=iphoneos*]" = "";
				DEFINES_MODULE = YES;
				DYLIB_COMPATIBILITY_VERSION = 1;
				DYLIB_CURRENT_VERSION = 1;
				DYLIB_INSTALL_NAME_BASE = "@rpath";
				INFOPLIST_FILE = Sources/Info.plist;
				INSTALL_PATH = "$(LOCAL_LIBRARY_DIR)/Frameworks";
				LD_RUNPATH_SEARCH_PATHS = "$(inherited) @executable_path/Frameworks @loader_path/Frameworks";
				PRODUCT_BUNDLE_IDENTIFIER = com.envoy.Embassy;
				PRODUCT_NAME = Embassy;
				SKIP_INSTALL = YES;
			};
			name = Release;
		};
		D85614011CEE6B160060CCB7 /* Debug */ = {
			isa = XCBuildConfiguration;
			buildSettings = {
				INFOPLIST_FILE = Tests/EmbassyTests/Info.plist;
				LD_RUNPATH_SEARCH_PATHS = "$(inherited) @executable_path/Frameworks @loader_path/Frameworks";
				PRODUCT_BUNDLE_IDENTIFIER = "com.envoy.Embassy-iOSTests";
				PRODUCT_NAME = "$(TARGET_NAME)";
			};
			name = Debug;
		};
		D85614021CEE6B160060CCB7 /* Release */ = {
			isa = XCBuildConfiguration;
			buildSettings = {
				INFOPLIST_FILE = Tests/EmbassyTests/Info.plist;
				LD_RUNPATH_SEARCH_PATHS = "$(inherited) @executable_path/Frameworks @loader_path/Frameworks";
				PRODUCT_BUNDLE_IDENTIFIER = "com.envoy.Embassy-iOSTests";
				PRODUCT_NAME = "$(TARGET_NAME)";
			};
			name = Release;
		};
/* End XCBuildConfiguration section */

/* Begin XCConfigurationList section */
		AA9242DF1DE91EA2009FE50B /* Build configuration list for PBXNativeTarget "Embassy-macOS" */ = {
			isa = XCConfigurationList;
			buildConfigurations = (
				AA9242E01DE91EA2009FE50B /* Debug */,
				AA9242E11DE91EA2009FE50B /* Release */,
			);
			defaultConfigurationIsVisible = 0;
			defaultConfigurationName = Release;
		};
		AA9242E21DE91EA2009FE50B /* Build configuration list for PBXNativeTarget "Embassy-macOSTests" */ = {
			isa = XCConfigurationList;
			buildConfigurations = (
				AA9242E31DE91EA2009FE50B /* Debug */,
				AA9242E41DE91EA2009FE50B /* Release */,
			);
			defaultConfigurationIsVisible = 0;
			defaultConfigurationName = Release;
		};
		D85613E31CEE6B160060CCB7 /* Build configuration list for PBXProject "Embassy" */ = {
			isa = XCConfigurationList;
			buildConfigurations = (
				D85613FB1CEE6B160060CCB7 /* Debug */,
				D85613FC1CEE6B160060CCB7 /* Release */,
			);
			defaultConfigurationIsVisible = 0;
			defaultConfigurationName = Release;
		};
		D85613FD1CEE6B160060CCB7 /* Build configuration list for PBXNativeTarget "Embassy-iOS" */ = {
			isa = XCConfigurationList;
			buildConfigurations = (
				D85613FE1CEE6B160060CCB7 /* Debug */,
				D85613FF1CEE6B160060CCB7 /* Release */,
			);
			defaultConfigurationIsVisible = 0;
			defaultConfigurationName = Release;
		};
		D85614001CEE6B160060CCB7 /* Build configuration list for PBXNativeTarget "Embassy-iOSTests" */ = {
			isa = XCConfigurationList;
			buildConfigurations = (
				D85614011CEE6B160060CCB7 /* Debug */,
				D85614021CEE6B160060CCB7 /* Release */,
			);
			defaultConfigurationIsVisible = 0;
			defaultConfigurationName = Release;
		};
/* End XCConfigurationList section */
	};
	rootObject = D85613E01CEE6B160060CCB7 /* Project object */;
}
